{
  "name": "Banking-system",
  "lockfileVersion": 2,
  "requires": true,
  "packages": {
    "": {
      "dependencies": {
        "code": "^5.2.4",
        "fira": "^1.0.0"
      }
    },
    "node_modules/code": {
      "version": "5.2.4",
      "resolved": "https://registry.npmjs.org/code/-/code-5.2.4.tgz",
      "integrity": "sha512-PkH2B69kE/ETlWJCFrMHbBXzmReeSHMdky5nAfX01cnloOxfYEQ6mGlowBpeyJUZr8kNBjvHd88NkGqYZltbTw==",
      "deprecated": "This module has moved and is now available at @hapi/code. Please update your dependencies as this version is no longer maintained an may contain bugs and security issues.",
      "dependencies": {
        "hoek": "6.x.x"
      }
    },
    "node_modules/fira": {
      "version": "1.0.0",
      "resolved": "https://registry.npmjs.org/fira/-/fira-1.0.0.tgz",
      "integrity": "sha512-203k9CFZi287kJS7xBIHnTLTbX+mLsqqvWrF+Wq1ZDOY/+T3Iw39oGWzJtKe1BAuJ3Hb2VZR+jnMnTpEY78NMw=="
    },
    "node_modules/hoek": {
      "version": "6.1.3",
      "resolved": "https://registry.npmjs.org/hoek/-/hoek-6.1.3.tgz",
      "integrity": "sha512-YXXAAhmF9zpQbC7LEcREFtXfGq5K1fmd+4PHkBq8NUqmzW3G+Dq10bI/i0KucLRwss3YYFQ0fSfoxBZYiGUqtQ==",
      "deprecated": "This module has moved and is now available at @hapi/hoek. Please update your dependencies as this version is no longer maintained an may contain bugs and security issues."
    }
  },
  "dependencies": {
    "code": {
      "version": "5.2.4",
      "resolved": "https://registry.npmjs.org/code/-/code-5.2.4.tgz",
      "integrity": "sha512-PkH2B69kE/ETlWJCFrMHbBXzmReeSHMdky5nAfX01cnloOxfYEQ6mGlowBpeyJUZr8kNBjvHd88NkGqYZltbTw==",
      "requires": {
        "hoek": "6.x.x"
      }
    },
    "fira": {
      "version": "1.0.0",
      "resolved": "https://registry.npmjs.org/fira/-/fira-1.0.0.tgz",
      "integrity": "sha512-203k9CFZi287kJS7xBIHnTLTbX+mLsqqvWrF+Wq1ZDOY/+T3Iw39oGWzJtKe1BAuJ3Hb2VZR+jnMnTpEY78NMw=="
    },
    "hoek": {
      "version": "6.1.3",
      "resolved": "https://registry.npmjs.org/hoek/-/hoek-6.1.3.tgz",
      "integrity": "sha512-YXXAAhmF9zpQbC7LEcREFtXfGq5K1fmd+4PHkBq8NUqmzW3G+Dq10bI/i0KucLRwss3YYFQ0fSfoxBZYiGUqtQ=="
    }
  }
}
